PODS:
  - FDFullscreenPopGesture (1.1)

DEPENDENCIES:
  - FDFullscreenPopGesture

SPEC REPOS:
  https://github.com/cocoapods/specs.git:
    - FDFullscreenPopGesture

SPEC CHECKSUMS:
  FDFullscreenPopGesture: a8a620179e3d9c40e8e00256dcee1c1a27c6d0f0

PODFILE CHECKSUM: b1ef63ddaeb3a1566d025101544d32d84ea51758

COCOAPODS: 1.6.0.beta.2
