// !$*UTF8*$!
{
	archiveVersion = 1;
	classes = {
	};
	objectVersion = 48;
	objects = {

/* Begin PBXBuildFile section */
		4907C59B207C940800186676 /* HomeViewController.swift in Sources */ = {isa = PBXBuildFile; fileRef = 4907C59A207C940800186676 /* HomeViewController.swift */; };
		4907C59D207C955D00186676 /* RecentTableViewCell.swift in Sources */ = {isa = PBXBuildFile; fileRef = 4907C59C207C955D00186676 /* RecentTableViewCell.swift */; };
		4907C59F207C956900186676 /* RecentTableViewCell.xib in Resources */ = {isa = PBXBuildFile; fileRef = 4907C59E207C956900186676 /* RecentTableViewCell.xib */; };
		4907C5A1207CA72800186676 /* BuddyViewController.swift in Sources */ = {isa = PBXBuildFile; fileRef = 4907C5A0207CA72800186676 /* BuddyViewController.swift */; };
		4907C5A3207CA73B00186676 /* SeeViewController.swift in Sources */ = {isa = PBXBuildFile; fileRef = 4907C5A2207CA73B00186676 /* SeeViewController.swift */; };
		4907C5A5207CA74E00186676 /* QworldViewController.swift in Sources */ = {isa = PBXBuildFile; fileRef = 4907C5A4207CA74E00186676 /* QworldViewController.swift */; };
		4943459A207B727D007C5D41 /* SideMenuHeaderView.swift in Sources */ = {isa = PBXBuildFile; fileRef = 49434599207B727D007C5D41 /* SideMenuHeaderView.swift */; };
		4943459C207B7294007C5D41 /* SideMenuHeaderView.xib in Resources */ = {isa = PBXBuildFile; fileRef = 4943459B207B7294007C5D41 /* SideMenuHeaderView.xib */; };
		49443645207C4361005AAC65 /* FWNavigationController.swift in Sources */ = {isa = PBXBuildFile; fileRef = 49443644207C4361005AAC65 /* FWNavigationController.swift */; };
		49443648207C4466005AAC65 /* FWTabBarController.swift in Sources */ = {isa = PBXBuildFile; fileRef = 49443646207C4466005AAC65 /* FWTabBarController.swift */; };
		49443649207C4466005AAC65 /* FWTabBar.swift in Sources */ = {isa = PBXBuildFile; fileRef = 49443647207C4466005AAC65 /* FWTabBar.swift */; };
		4944E694207AF95B00672C28 /* UIViewController+FWSideMenuExtension.swift in Sources */ = {isa = PBXBuildFile; fileRef = 4944E693207AF95B00672C28 /* UIViewController+FWSideMenuExtension.swift */; };
		4944E69F207B695B00672C28 /* SideMenuTableViewCell.swift in Sources */ = {isa = PBXBuildFile; fileRef = 4944E69C207B695B00672C28 /* SideMenuTableViewCell.swift */; };
		4944E6A0207B695B00672C28 /* SideMenuViewController.swift in Sources */ = {isa = PBXBuildFile; fileRef = 4944E69D207B695B00672C28 /* SideMenuViewController.swift */; };
		4944E6A1207B695B00672C28 /* SideMenuTableViewCell.xib in Resources */ = {isa = PBXBuildFile; fileRef = 4944E69E207B695B00672C28 /* SideMenuTableViewCell.xib */; };
		4944E6A3207B698200672C28 /* SideMenuBottomView.swift in Sources */ = {isa = PBXBuildFile; fileRef = 4944E6A2207B698200672C28 /* SideMenuBottomView.swift */; };
		4944E6A5207B699100672C28 /* SideMenuBottomView.xib in Resources */ = {isa = PBXBuildFile; fileRef = 4944E6A4207B699100672C28 /* SideMenuBottomView.xib */; };
		49AD5C6D2079B173000DD014 /* AppDelegate.swift in Sources */ = {isa = PBXBuildFile; fileRef = 49AD5C6C2079B173000DD014 /* AppDelegate.swift */; };
		49AD5C742079B173000DD014 /* Assets.xcassets in Resources */ = {isa = PBXBuildFile; fileRef = 49AD5C732079B173000DD014 /* Assets.xcassets */; };
		49AD5C772079B173000DD014 /* LaunchScreen.storyboard in Resources */ = {isa = PBXBuildFile; fileRef = 49AD5C752079B173000DD014 /* LaunchScreen.storyboard */; };
		49AD5C822079B173000DD014 /* FWSideMenuTests.swift in Sources */ = {isa = PBXBuildFile; fileRef = 49AD5C812079B173000DD014 /* FWSideMenuTests.swift */; };
		49AD5C8D2079B174000DD014 /* FWSideMenuUITests.swift in Sources */ = {isa = PBXBuildFile; fileRef = 49AD5C8C2079B174000DD014 /* FWSideMenuUITests.swift */; };
		49AD5C9C2079B1BA000DD014 /* FWSideMenuContainerViewController.swift in Sources */ = {isa = PBXBuildFile; fileRef = 49AD5C9B2079B1BA000DD014 /* FWSideMenuContainerViewController.swift */; };
		49AD5C9E2079EF54000DD014 /* FWSideMenuShadow.swift in Sources */ = {isa = PBXBuildFile; fileRef = 49AD5C9D2079EF54000DD014 /* FWSideMenuShadow.swift */; };
/* End PBXBuildFile section */

/* Begin PBXContainerItemProxy section */
		49AD5C7E2079B173000DD014 /* PBXContainerItemProxy */ = {
			isa = PBXContainerItemProxy;
			containerPortal = 49AD5C612079B173000DD014 /* Project object */;
			proxyType = 1;
			remoteGlobalIDString = 49AD5C682079B173000DD014;
			remoteInfo = FWSideMenu;
		};
		49AD5C892079B173000DD014 /* PBXContainerItemProxy */ = {
			isa = PBXContainerItemProxy;
			containerPortal = 49AD5C612079B173000DD014 /* Project object */;
			proxyType = 1;
			remoteGlobalIDString = 49AD5C682079B173000DD014;
			remoteInfo = FWSideMenu;
		};
/* End PBXContainerItemProxy section */

/* Begin PBXFileReference section */
		4907C59A207C940800186676 /* HomeViewController.swift */ = {isa = PBXFileReference; fileEncoding = 4; lastKnownFileType = sourcecode.swift; path = HomeViewController.swift; sourceTree = "<group>"; };
		4907C59C207C955D00186676 /* RecentTableViewCell.swift */ = {isa = PBXFileReference; lastKnownFileType = sourcecode.swift; path = RecentTableViewCell.swift; sourceTree = "<group>"; };
		4907C59E207C956900186676 /* RecentTableViewCell.xib */ = {isa = PBXFileReference; lastKnownFileType = file.xib; path = RecentTableViewCell.xib; sourceTree = "<group>"; };
		4907C5A0207CA72800186676 /* BuddyViewController.swift */ = {isa = PBXFileReference; lastKnownFileType = sourcecode.swift; path = BuddyViewController.swift; sourceTree = "<group>"; };
		4907C5A2207CA73B00186676 /* SeeViewController.swift */ = {isa = PBXFileReference; lastKnownFileType = sourcecode.swift; path = SeeViewController.swift; sourceTree = "<group>"; };
		4907C5A4207CA74E00186676 /* QworldViewController.swift */ = {isa = PBXFileReference; lastKnownFileType = sourcecode.swift; path = QworldViewController.swift; sourceTree = "<group>"; };
		49434599207B727D007C5D41 /* SideMenuHeaderView.swift */ = {isa = PBXFileReference; lastKnownFileType = sourcecode.swift; path = SideMenuHeaderView.swift; sourceTree = "<group>"; };
		4943459B207B7294007C5D41 /* SideMenuHeaderView.xib */ = {isa = PBXFileReference; lastKnownFileType = file.xib; path = SideMenuHeaderView.xib; sourceTree = "<group>"; };
		49443644207C4361005AAC65 /* FWNavigationController.swift */ = {isa = PBXFileReference; fileEncoding = 4; lastKnownFileType = sourcecode.swift; path = FWNavigationController.swift; sourceTree = "<group>"; };
		49443646207C4466005AAC65 /* FWTabBarController.swift */ = {isa = PBXFileReference; fileEncoding = 4; lastKnownFileType = sourcecode.swift; path = FWTabBarController.swift; sourceTree = "<group>"; };
		49443647207C4466005AAC65 /* FWTabBar.swift */ = {isa = PBXFileReference; fileEncoding = 4; lastKnownFileType = sourcecode.swift; path = FWTabBar.swift; sourceTree = "<group>"; };
		4944E693207AF95B00672C28 /* UIViewController+FWSideMenuExtension.swift */ = {isa = PBXFileReference; lastKnownFileType = sourcecode.swift; path = "UIViewController+FWSideMenuExtension.swift"; sourceTree = "<group>"; };
		4944E69C207B695B00672C28 /* SideMenuTableViewCell.swift */ = {isa = PBXFileReference; fileEncoding = 4; lastKnownFileType = sourcecode.swift; path = SideMenuTableViewCell.swift; sourceTree = "<group>"; };
		4944E69D207B695B00672C28 /* SideMenuViewController.swift */ = {isa = PBXFileReference; fileEncoding = 4; lastKnownFileType = sourcecode.swift; path = SideMenuViewController.swift; sourceTree = "<group>"; };
		4944E69E207B695B00672C28 /* SideMenuTableViewCell.xib */ = {isa = PBXFileReference; fileEncoding = 4; lastKnownFileType = file.xib; path = SideMenuTableViewCell.xib; sourceTree = "<group>"; };
		4944E6A2207B698200672C28 /* SideMenuBottomView.swift */ = {isa = PBXFileReference; lastKnownFileType = sourcecode.swift; path = SideMenuBottomView.swift; sourceTree = "<group>"; };
		4944E6A4207B699100672C28 /* SideMenuBottomView.xib */ = {isa = PBXFileReference; lastKnownFileType = file.xib; path = SideMenuBottomView.xib; sourceTree = "<group>"; };
		49AD5C692079B173000DD014 /* FWSideMenu.app */ = {isa = PBXFileReference; explicitFileType = wrapper.application; includeInIndex = 0; path = FWSideMenu.app; sourceTree = BUILT_PRODUCTS_DIR; };
		49AD5C6C2079B173000DD014 /* AppDelegate.swift */ = {isa = PBXFileReference; lastKnownFileType = sourcecode.swift; path = AppDelegate.swift; sourceTree = "<group>"; };
		49AD5C732079B173000DD014 /* Assets.xcassets */ = {isa = PBXFileReference; lastKnownFileType = folder.assetcatalog; path = Assets.xcassets; sourceTree = "<group>"; };
		49AD5C762079B173000DD014 /* Base */ = {isa = PBXFileReference; lastKnownFileType = file.storyboard; name = Base; path = Base.lproj/LaunchScreen.storyboard; sourceTree = "<group>"; };
		49AD5C782079B173000DD014 /* Info.plist */ = {isa = PBXFileReference; lastKnownFileType = text.plist.xml; path = Info.plist; sourceTree = "<group>"; };
		49AD5C7D2079B173000DD014 /* FWSideMenuTests.xctest */ = {isa = PBXFileReference; explicitFileType = wrapper.cfbundle; includeInIndex = 0; path = FWSideMenuTests.xctest; sourceTree = BUILT_PRODUCTS_DIR; };
		49AD5C812079B173000DD014 /* FWSideMenuTests.swift */ = {isa = PBXFileReference; lastKnownFileType = sourcecode.swift; path = FWSideMenuTests.swift; sourceTree = "<group>"; };
		49AD5C832079B173000DD014 /* Info.plist */ = {isa = PBXFileReference; lastKnownFileType = text.plist.xml; path = Info.plist; sourceTree = "<group>"; };
		49AD5C882079B173000DD014 /* FWSideMenuUITests.xctest */ = {isa = PBXFileReference; explicitFileType = wrapper.cfbundle; includeInIndex = 0; path = FWSideMenuUITests.xctest; sourceTree = BUILT_PRODUCTS_DIR; };
		49AD5C8C2079B174000DD014 /* FWSideMenuUITests.swift */ = {isa = PBXFileReference; lastKnownFileType = sourcecode.swift; path = FWSideMenuUITests.swift; sourceTree = "<group>"; };
		49AD5C8E2079B174000DD014 /* Info.plist */ = {isa = PBXFileReference; lastKnownFileType = text.plist.xml; path = Info.plist; sourceTree = "<group>"; };
		49AD5C9B2079B1BA000DD014 /* FWSideMenuContainerViewController.swift */ = {isa = PBXFileReference; lastKnownFileType = sourcecode.swift; path = FWSideMenuContainerViewController.swift; sourceTree = "<group>"; };
		49AD5C9D2079EF54000DD014 /* FWSideMenuShadow.swift */ = {isa = PBXFileReference; lastKnownFileType = sourcecode.swift; path = FWSideMenuShadow.swift; sourceTree = "<group>"; };
/* End PBXFileReference section */

/* Begin PBXFrameworksBuildPhase section */
		49AD5C662079B173000DD014 /* Frameworks */ = {
			isa = PBXFrameworksBuildPhase;
			buildActionMask = 2147483647;
			files = (
			);
			runOnlyForDeploymentPostprocessing = 0;
		};
		49AD5C7A2079B173000DD014 /* Frameworks */ = {
			isa = PBXFrameworksBuildPhase;
			buildActionMask = 2147483647;
			files = (
			);
			runOnlyForDeploymentPostprocessing = 0;
		};
		49AD5C852079B173000DD014 /* Frameworks */ = {
			isa = PBXFrameworksBuildPhase;
			buildActionMask = 2147483647;
			files = (
			);
			runOnlyForDeploymentPostprocessing = 0;
		};
/* End PBXFrameworksBuildPhase section */

/* Begin PBXGroup section */
		4907C599207C940800186676 /* Home */ = {
			isa = PBXGroup;
			children = (
				4907C59A207C940800186676 /* HomeViewController.swift */,
				4907C59C207C955D00186676 /* RecentTableViewCell.swift */,
				4907C59E207C956900186676 /* RecentTableViewCell.xib */,
				4907C5A0207CA72800186676 /* BuddyViewController.swift */,
				4907C5A2207CA73B00186676 /* SeeViewController.swift */,
				4907C5A4207CA74E00186676 /* QworldViewController.swift */,
			);
			path = Home;
			sourceTree = "<group>";
		};
		49443643207C4351005AAC65 /* AppBars */ = {
			isa = PBXGroup;
			children = (
				49443644207C4361005AAC65 /* FWNavigationController.swift */,
				49443647207C4466005AAC65 /* FWTabBar.swift */,
				49443646207C4466005AAC65 /* FWTabBarController.swift */,
			);
			path = AppBars;
			sourceTree = "<group>";
		};
		4944E69B207B695B00672C28 /* QQSideMenu */ = {
			isa = PBXGroup;
			children = (
				4944E69D207B695B00672C28 /* SideMenuViewController.swift */,
				4944E69C207B695B00672C28 /* SideMenuTableViewCell.swift */,
				4944E69E207B695B00672C28 /* SideMenuTableViewCell.xib */,
				4944E6A2207B698200672C28 /* SideMenuBottomView.swift */,
				4944E6A4207B699100672C28 /* SideMenuBottomView.xib */,
				49434599207B727D007C5D41 /* SideMenuHeaderView.swift */,
				4943459B207B7294007C5D41 /* SideMenuHeaderView.xib */,
			);
			path = QQSideMenu;
			sourceTree = "<group>";
		};
		49AD5C602079B173000DD014 = {
			isa = PBXGroup;
			children = (
				49AD5C6B2079B173000DD014 /* FWSideMenu */,
				49AD5C802079B173000DD014 /* FWSideMenuTests */,
				49AD5C8B2079B173000DD014 /* FWSideMenuUITests */,
				49AD5C6A2079B173000DD014 /* Products */,
			);
			sourceTree = "<group>";
		};
		49AD5C6A2079B173000DD014 /* Products */ = {
			isa = PBXGroup;
			children = (
				49AD5C692079B173000DD014 /* FWSideMenu.app */,
				49AD5C7D2079B173000DD014 /* FWSideMenuTests.xctest */,
				49AD5C882079B173000DD014 /* FWSideMenuUITests.xctest */,
			);
			name = Products;
			sourceTree = "<group>";
		};
		49AD5C6B2079B173000DD014 /* FWSideMenu */ = {
			isa = PBXGroup;
			children = (
				49AD5C9A2079B190000DD014 /* FWSideMenu */,
				4944E69B207B695B00672C28 /* QQSideMenu */,
				4907C599207C940800186676 /* Home */,
				49443643207C4351005AAC65 /* AppBars */,
				49AD5C6C2079B173000DD014 /* AppDelegate.swift */,
				49AD5C732079B173000DD014 /* Assets.xcassets */,
				49AD5C752079B173000DD014 /* LaunchScreen.storyboard */,
				49AD5C782079B173000DD014 /* Info.plist */,
			);
			path = FWSideMenu;
			sourceTree = "<group>";
		};
		49AD5C802079B173000DD014 /* FWSideMenuTests */ = {
			isa = PBXGroup;
			children = (
				49AD5C812079B173000DD014 /* FWSideMenuTests.swift */,
				49AD5C832079B173000DD014 /* Info.plist */,
			);
			path = FWSideMenuTests;
			sourceTree = "<group>";
		};
		49AD5C8B2079B173000DD014 /* FWSideMenuUITests */ = {
			isa = PBXGroup;
			children = (
				49AD5C8C2079B174000DD014 /* FWSideMenuUITests.swift */,
				49AD5C8E2079B174000DD014 /* Info.plist */,
			);
			path = FWSideMenuUITests;
			sourceTree = "<group>";
		};
		49AD5C9A2079B190000DD014 /* FWSideMenu */ = {
			isa = PBXGroup;
			children = (
				49AD5C9B2079B1BA000DD014 /* FWSideMenuContainerViewController.swift */,
				49AD5C9D2079EF54000DD014 /* FWSideMenuShadow.swift */,
				4944E693207AF95B00672C28 /* UIViewController+FWSideMenuExtension.swift */,
			);
			path = FWSideMenu;
			sourceTree = "<group>";
		};
/* End PBXGroup section */

/* Begin PBXNativeTarget section */
		49AD5C682079B173000DD014 /* FWSideMenu */ = {
			isa = PBXNativeTarget;
			buildConfigurationList = 49AD5C912079B174000DD014 /* Build configuration list for PBXNativeTarget "FWSideMenu" */;
			buildPhases = (
				49AD5C652079B173000DD014 /* Sources */,
				49AD5C662079B173000DD014 /* Frameworks */,
				49AD5C672079B173000DD014 /* Resources */,
			);
			buildRules = (
			);
			dependencies = (
			);
			name = FWSideMenu;
			productName = FWSideMenu;
			productReference = 49AD5C692079B173000DD014 /* FWSideMenu.app */;
			productType = "com.apple.product-type.application";
		};
		49AD5C7C2079B173000DD014 /* FWSideMenuTests */ = {
			isa = PBXNativeTarget;
			buildConfigurationList = 49AD5C942079B174000DD014 /* Build configuration list for PBXNativeTarget "FWSideMenuTests" */;
			buildPhases = (
				49AD5C792079B173000DD014 /* Sources */,
				49AD5C7A2079B173000DD014 /* Frameworks */,
				49AD5C7B2079B173000DD014 /* Resources */,
			);
			buildRules = (
			);
			dependencies = (
				49AD5C7F2079B173000DD014 /* PBXTargetDependency */,
			);
			name = FWSideMenuTests;
			productName = FWSideMenuTests;
			productReference = 49AD5C7D2079B173000DD014 /* FWSideMenuTests.xctest */;
			productType = "com.apple.product-type.bundle.unit-test";
		};
		49AD5C872079B173000DD014 /* FWSideMenuUITests */ = {
			isa = PBXNativeTarget;
			buildConfigurationList = 49AD5C972079B174000DD014 /* Build configuration list for PBXNativeTarget "FWSideMenuUITests" */;
			buildPhases = (
				49AD5C842079B173000DD014 /* Sources */,
				49AD5C852079B173000DD014 /* Frameworks */,
				49AD5C862079B173000DD014 /* Resources */,
			);
			buildRules = (
			);
			dependencies = (
				49AD5C8A2079B173000DD014 /* PBXTargetDependency */,
			);
			name = FWSideMenuUITests;
			productName = FWSideMenuUITests;
			productReference = 49AD5C882079B173000DD014 /* FWSideMenuUITests.xctest */;
			productType = "com.apple.product-type.bundle.ui-testing";
		};
/* End PBXNativeTarget section */

/* Begin PBXProject section */
		49AD5C612079B173000DD014 /* Project object */ = {
			isa = PBXProject;
			attributes = {
				LastSwiftUpdateCheck = 0910;
				LastUpgradeCheck = 0910;
				ORGANIZATIONNAME = xfg;
				TargetAttributes = {
					49AD5C682079B173000DD014 = {
						CreatedOnToolsVersion = 9.1;
						ProvisioningStyle = Automatic;
					};
					49AD5C7C2079B173000DD014 = {
						CreatedOnToolsVersion = 9.1;
						ProvisioningStyle = Automatic;
						TestTargetID = 49AD5C682079B173000DD014;
					};
					49AD5C872079B173000DD014 = {
						CreatedOnToolsVersion = 9.1;
						ProvisioningStyle = Automatic;
						TestTargetID = 49AD5C682079B173000DD014;
					};
				};
			};
			buildConfigurationList = 49AD5C642079B173000DD014 /* Build configuration list for PBXProject "FWSideMenu" */;
			compatibilityVersion = "Xcode 8.0";
			developmentRegion = en;
			hasScannedForEncodings = 0;
			knownRegions = (
				en,
				Base,
			);
			mainGroup = 49AD5C602079B173000DD014;
			productRefGroup = 49AD5C6A2079B173000DD014 /* Products */;
			projectDirPath = "";
			projectRoot = "";
			targets = (
				49AD5C682079B173000DD014 /* FWSideMenu */,
				49AD5C7C2079B173000DD014 /* FWSideMenuTests */,
				49AD5C872079B173000DD014 /* FWSideMenuUITests */,
			);
		};
/* End PBXProject section */

/* Begin PBXResourcesBuildPhase section */
		49AD5C672079B173000DD014 /* Resources */ = {
			isa = PBXResourcesBuildPhase;
			buildActionMask = 2147483647;
			files = (
				4944E6A1207B695B00672C28 /* SideMenuTableViewCell.xib in Resources */,
				4944E6A5207B699100672C28 /* SideMenuBottomView.xib in Resources */,
				49AD5C772079B173000DD014 /* LaunchScreen.storyboard in Resources */,
				4943459C207B7294007C5D41 /* SideMenuHeaderView.xib in Resources */,
				4907C59F207C956900186676 /* RecentTableViewCell.xib in Resources */,
				49AD5C742079B173000DD014 /* Assets.xcassets in Resources */,
			);
			runOnlyForDeploymentPostprocessing = 0;
		};
		49AD5C7B2079B173000DD014 /* Resources */ = {
			isa = PBXResourcesBuildPhase;
			buildActionMask = 2147483647;
			files = (
			);
			runOnlyForDeploymentPostprocessing = 0;
		};
		49AD5C862079B173000DD014 /* Resources */ = {
			isa = PBXResourcesBuildPhase;
			buildActionMask = 2147483647;
			files = (
			);
			runOnlyForDeploymentPostprocessing = 0;
		};
/* End PBXResourcesBuildPhase section */

/* Begin PBXSourcesBuildPhase section */
		49AD5C652079B173000DD014 /* Sources */ = {
			isa = PBXSourcesBuildPhase;
			buildActionMask = 2147483647;
			files = (
				49443648207C4466005AAC65 /* FWTabBarController.swift in Sources */,
				4944E694207AF95B00672C28 /* UIViewController+FWSideMenuExtension.swift in Sources */,
				49AD5C6D2079B173000DD014 /* AppDelegate.swift in Sources */,
				4907C5A3207CA73B00186676 /* SeeViewController.swift in Sources */,
				4944E69F207B695B00672C28 /* SideMenuTableViewCell.swift in Sources */,
				4944E6A0207B695B00672C28 /* SideMenuViewController.swift in Sources */,
				4907C5A1207CA72800186676 /* BuddyViewController.swift in Sources */,
				49443649207C4466005AAC65 /* FWTabBar.swift in Sources */,
				4944E6A3207B698200672C28 /* SideMenuBottomView.swift in Sources */,
				49443645207C4361005AAC65 /* FWNavigationController.swift in Sources */,
				4907C59D207C955D00186676 /* RecentTableViewCell.swift in Sources */,
				4943459A207B727D007C5D41 /* SideMenuHeaderView.swift in Sources */,
				49AD5C9E2079EF54000DD014 /* FWSideMenuShadow.swift in Sources */,
				4907C5A5207CA74E00186676 /* QworldViewController.swift in Sources */,
				49AD5C9C2079B1BA000DD014 /* FWSideMenuContainerViewController.swift in Sources */,
				4907C59B207C940800186676 /* HomeViewController.swift in Sources */,
			);
			runOnlyForDeploymentPostprocessing = 0;
		};
		49AD5C792079B173000DD014 /* Sources */ = {
			isa = PBXSourcesBuildPhase;
			buildActionMask = 2147483647;
			files = (
				49AD5C822079B173000DD014 /* FWSideMenuTests.swift in Sources */,
			);
			runOnlyForDeploymentPostprocessing = 0;
		};
		49AD5C842079B173000DD014 /* Sources */ = {
			isa = PBXSourcesBuildPhase;
			buildActionMask = 2147483647;
			files = (
				49AD5C8D2079B174000DD014 /* FWSideMenuUITests.swift in Sources */,
			);
			runOnlyForDeploymentPostprocessing = 0;
		};
/* End PBXSourcesBuildPhase section */

/* Begin PBXTargetDependency section */
		49AD5C7F2079B173000DD014 /* PBXTargetDependency */ = {
			isa = PBXTargetDependency;
			target = 49AD5C682079B173000DD014 /* FWSideMenu */;
			targetProxy = 49AD5C7E2079B173000DD014 /* PBXContainerItemProxy */;
		};
		49AD5C8A2079B173000DD014 /* PBXTargetDependency */ = {
			isa = PBXTargetDependency;
			target = 49AD5C682079B173000DD014 /* FWSideMenu */;
			targetProxy = 49AD5C892079B173000DD014 /* PBXContainerItemProxy */;
		};
/* End PBXTargetDependency section */

/* Begin PBXVariantGroup section */
		49AD5C752079B173000DD014 /* LaunchScreen.storyboard */ = {
			isa = PBXVariantGroup;
			children = (
				49AD5C762079B173000DD014 /* Base */,
			);
			name = LaunchScreen.storyboard;
			sourceTree = "<group>";
		};
/* End PBXVariantGroup section */

/* Begin XCBuildConfiguration section */
		49AD5C8F2079B174000DD014 /* Debug */ = {
			isa = XCBuildConfiguration;
			buildSettings = {
				ALWAYS_SEARCH_USER_PATHS = NO;
				CLANG_ANALYZER_NONNULL = YES;
				CLANG_ANALYZER_NUMBER_OBJECT_CONVERSION = YES_AGGRESSIVE;
				CLANG_CXX_LANGUAGE_STANDARD = "gnu++14";
				CLANG_CXX_LIBRARY = "libc++";
				CLANG_ENABLE_MODULES = YES;
				CLANG_ENABLE_OBJC_ARC = YES;
				CLANG_WARN_BLOCK_CAPTURE_AUTORELEASING = YES;
				CLANG_WARN_BOOL_CONVERSION = YES;
				CLANG_WARN_COMMA = YES;
				CLANG_WARN_CONSTANT_CONVERSION = YES;
				CLANG_WARN_DIRECT_OBJC_ISA_USAGE = YES_ERROR;
				CLANG_WARN_DOCUMENTATION_COMMENTS = YES;
				CLANG_WARN_EMPTY_BODY = YES;
				CLANG_WARN_ENUM_CONVERSION = YES;
				CLANG_WARN_INFINITE_RECURSION = YES;
				CLANG_WARN_INT_CONVERSION = YES;
				CLANG_WARN_NON_LITERAL_NULL_CONVERSION = YES;
				CLANG_WARN_OBJC_LITERAL_CONVERSION = YES;
				CLANG_WARN_OBJC_ROOT_CLASS = YES_ERROR;
				CLANG_WARN_RANGE_LOOP_ANALYSIS = YES;
				CLANG_WARN_STRICT_PROTOTYPES = YES;
				CLANG_WARN_SUSPICIOUS_MOVE = YES;
				CLANG_WARN_UNGUARDED_AVAILABILITY = YES_AGGRESSIVE;
				CLANG_WARN_UNREACHABLE_CODE = YES;
				CLANG_WARN__DUPLICATE_METHOD_MATCH = YES;
				CODE_SIGN_IDENTITY = "iPhone Developer";
				COPY_PHASE_STRIP = NO;
				DEBUG_INFORMATION_FORMAT = dwarf;
				ENABLE_STRICT_OBJC_MSGSEND = YES;
				ENABLE_TESTABILITY = YES;
				GCC_C_LANGUAGE_STANDARD = gnu11;
				GCC_DYNAMIC_NO_PIC = NO;
				GCC_NO_COMMON_BLOCKS = YES;
				GCC_OPTIMIZATION_LEVEL = 0;
				GCC_PREPROCESSOR_DEFINITIONS = (
					"DEBUG=1",
					"$(inherited)",
				);
				GCC_WARN_64_TO_32_BIT_CONVERSION = YES;
				GCC_WARN_ABOUT_RETURN_TYPE = YES_ERROR;
				GCC_WARN_UNDECLARED_SELECTOR = YES;
				GCC_WARN_UNINITIALIZED_AUTOS = YES_AGGRESSIVE;
				GCC_WARN_UNUSED_FUNCTION = YES;
				GCC_WARN_UNUSED_VARIABLE = YES;
				IPHONEOS_DEPLOYMENT_TARGET = 11.1;
				MTL_ENABLE_DEBUG_INFO = YES;
				ONLY_ACTIVE_ARCH = YES;
				SDKROOT = iphoneos;
				SWIFT_ACTIVE_COMPILATION_CONDITIONS = DEBUG;
				SWIFT_OPTIMIZATION_LEVEL = "-Onone";
			};
			name = Debug;
		};
		49AD5C902079B174000DD014 /* Release */ = {
			isa = XCBuildConfiguration;
			buildSettings = {
				ALWAYS_SEARCH_USER_PATHS = NO;
				CLANG_ANALYZER_NONNULL = YES;
				CLANG_ANALYZER_NUMBER_OBJECT_CONVERSION = YES_AGGRESSIVE;
				CLANG_CXX_LANGUAGE_STANDARD = "gnu++14";
				CLANG_CXX_LIBRARY = "libc++";
				CLANG_ENABLE_MODULES = YES;
				CLANG_ENABLE_OBJC_ARC = YES;
				CLANG_WARN_BLOCK_CAPTURE_AUTORELEASING = YES;
				CLANG_WARN_BOOL_CONVERSION = YES;
				CLANG_WARN_COMMA = YES;
				CLANG_WARN_CONSTANT_CONVERSION = YES;
				CLANG_WARN_DIRECT_OBJC_ISA_USAGE = YES_ERROR;
				CLANG_WARN_DOCUMENTATION_COMMENTS = YES;
				CLANG_WARN_EMPTY_BODY = YES;
				CLANG_WARN_ENUM_CONVERSION = YES;
				CLANG_WARN_INFINITE_RECURSION = YES;
				CLANG_WARN_INT_CONVERSION = YES;
				CLANG_WARN_NON_LITERAL_NULL_CONVERSION = YES;
				CLANG_WARN_OBJC_LITERAL_CONVERSION = YES;
				CLANG_WARN_OBJC_ROOT_CLASS = YES_ERROR;
				CLANG_WARN_RANGE_LOOP_ANALYSIS = YES;
				CLANG_WARN_STRICT_PROTOTYPES = YES;
				CLANG_WARN_SUSPICIOUS_MOVE = YES;
				CLANG_WARN_UNGUARDED_AVAILABILITY = YES_AGGRESSIVE;
				CLANG_WARN_UNREACHABLE_CODE = YES;
				CLANG_WARN__DUPLICATE_METHOD_MATCH = YES;
				CODE_SIGN_IDENTITY = "iPhone Developer";
				COPY_PHASE_STRIP = NO;
				DEBUG_INFORMATION_FORMAT = "dwarf-with-dsym";
				ENABLE_NS_ASSERTIONS = NO;
				ENABLE_STRICT_OBJC_MSGSEND = YES;
				GCC_C_LANGUAGE_STANDARD = gnu11;
				GCC_NO_COMMON_BLOCKS = YES;
				GCC_WARN_64_TO_32_BIT_CONVERSION = YES;
				GCC_WARN_ABOUT_RETURN_TYPE = YES_ERROR;
				GCC_WARN_UNDECLARED_SELECTOR = YES;
				GCC_WARN_UNINITIALIZED_AUTOS = YES_AGGRESSIVE;
				GCC_WARN_UNUSED_FUNCTION = YES;
				GCC_WARN_UNUSED_VARIABLE = YES;
				IPHONEOS_DEPLOYMENT_TARGET = 11.1;
				MTL_ENABLE_DEBUG_INFO = NO;
				SDKROOT = iphoneos;
				SWIFT_OPTIMIZATION_LEVEL = "-Owholemodule";
				VALIDATE_PRODUCT = YES;
			};
			name = Release;
		};
		49AD5C922079B174000DD014 /* Debug */ = {
			isa = XCBuildConfiguration;
			buildSettings = {
				ASSETCATALOG_COMPILER_APPICON_NAME = AppIcon;
				CODE_SIGN_STYLE = Automatic;
				DEVELOPMENT_TEAM = K4Y22J2KN7;
				INFOPLIST_FILE = FWSideMenu/Info.plist;
				LD_RUNPATH_SEARCH_PATHS = "$(inherited) @executable_path/Frameworks";
				PRODUCT_BUNDLE_IDENTIFIER = com.xfg.FWSideMenu;
				PRODUCT_NAME = "$(TARGET_NAME)";
				SWIFT_VERSION = 4.0;
				TARGETED_DEVICE_FAMILY = "1,2";
			};
			name = Debug;
		};
		49AD5C932079B174000DD014 /* Release */ = {
			isa = XCBuildConfiguration;
			buildSettings = {
				ASSETCATALOG_COMPILER_APPICON_NAME = AppIcon;
				CODE_SIGN_STYLE = Automatic;
				DEVELOPMENT_TEAM = K4Y22J2KN7;
				INFOPLIST_FILE = FWSideMenu/Info.plist;
				LD_RUNPATH_SEARCH_PATHS = "$(inherited) @executable_path/Frameworks";
				PRODUCT_BUNDLE_IDENTIFIER = com.xfg.FWSideMenu;
				PRODUCT_NAME = "$(TARGET_NAME)";
				SWIFT_VERSION = 4.0;
				TARGETED_DEVICE_FAMILY = "1,2";
			};
			name = Release;
		};
		49AD5C952079B174000DD014 /* Debug */ = {
			isa = XCBuildConfiguration;
			buildSettings = {
				ALWAYS_EMBED_SWIFT_STANDARD_LIBRARIES = YES;
				BUNDLE_LOADER = "$(TEST_HOST)";
				CODE_SIGN_STYLE = Automatic;
				INFOPLIST_FILE = FWSideMenuTests/Info.plist;
				LD_RUNPATH_SEARCH_PATHS = "$(inherited) @executable_path/Frameworks @loader_path/Frameworks";
				PRODUCT_BUNDLE_IDENTIFIER = com.xfg.FWSideMenuTests;
				PRODUCT_NAME = "$(TARGET_NAME)";
				SWIFT_VERSION = 4.0;
				TARGETED_DEVICE_FAMILY = "1,2";
				TEST_HOST = "$(BUILT_PRODUCTS_DIR)/FWSideMenu.app/FWSideMenu";
			};
			name = Debug;
		};
		49AD5C962079B174000DD014 /* Release */ = {
			isa = XCBuildConfiguration;
			buildSettings = {
				ALWAYS_EMBED_SWIFT_STANDARD_LIBRARIES = YES;
				BUNDLE_LOADER = "$(TEST_HOST)";
				CODE_SIGN_STYLE = Automatic;
				INFOPLIST_FILE = FWSideMenuTests/Info.plist;
				LD_RUNPATH_SEARCH_PATHS = "$(inherited) @executable_path/Frameworks @loader_path/Frameworks";
				PRODUCT_BUNDLE_IDENTIFIER = com.xfg.FWSideMenuTests;
				PRODUCT_NAME = "$(TARGET_NAME)";
				SWIFT_VERSION = 4.0;
				TARGETED_DEVICE_FAMILY = "1,2";
				TEST_HOST = "$(BUILT_PRODUCTS_DIR)/FWSideMenu.app/FWSideMenu";
			};
			name = Release;
		};
		49AD5C982079B174000DD014 /* Debug */ = {
			isa = XCBuildConfiguration;
			buildSettings = {
				ALWAYS_EMBED_SWIFT_STANDARD_LIBRARIES = YES;
				CODE_SIGN_STYLE = Automatic;
				INFOPLIST_FILE = FWSideMenuUITests/Info.plist;
				LD_RUNPATH_SEARCH_PATHS = "$(inherited) @executable_path/Frameworks @loader_path/Frameworks";
				PRODUCT_BUNDLE_IDENTIFIER = com.xfg.FWSideMenuUITests;
				PRODUCT_NAME = "$(TARGET_NAME)";
				SWIFT_VERSION = 4.0;
				TARGETED_DEVICE_FAMILY = "1,2";
				TEST_TARGET_NAME = FWSideMenu;
			};
			name = Debug;
		};
		49AD5C992079B174000DD014 /* Release */ = {
			isa = XCBuildConfiguration;
			buildSettings = {
				ALWAYS_EMBED_SWIFT_STANDARD_LIBRARIES = YES;
				CODE_SIGN_STYLE = Automatic;
				INFOPLIST_FILE = FWSideMenuUITests/Info.plist;
				LD_RUNPATH_SEARCH_PATHS = "$(inherited) @executable_path/Frameworks @loader_path/Frameworks";
				PRODUCT_BUNDLE_IDENTIFIER = com.xfg.FWSideMenuUITests;
				PRODUCT_NAME = "$(TARGET_NAME)";
				SWIFT_VERSION = 4.0;
				TARGETED_DEVICE_FAMILY = "1,2";
				TEST_TARGET_NAME = FWSideMenu;
			};
			name = Release;
		};
/* End XCBuildConfiguration section */

/* Begin XCConfigurationList section */
		49AD5C642079B173000DD014 /* Build configuration list for PBXProject "FWSideMenu" */ = {
			isa = XCConfigurationList;
			buildConfigurations = (
				49AD5C8F2079B174000DD014 /* Debug */,
				49AD5C902079B174000DD014 /* Release */,
			);
			defaultConfigurationIsVisible = 0;
			defaultConfigurationName = Release;
		};
		49AD5C912079B174000DD014 /* Build configuration list for PBXNativeTarget "FWSideMenu" */ = {
			isa = XCConfigurationList;
			buildConfigurations = (
				49AD5C922079B174000DD014 /* Debug */,
				49AD5C932079B174000DD014 /* Release */,
			);
			defaultConfigurationIsVisible = 0;
			defaultConfigurationName = Release;
		};
		49AD5C942079B174000DD014 /* Build configuration list for PBXNativeTarget "FWSideMenuTests" */ = {
			isa = XCConfigurationList;
			buildConfigurations = (
				49AD5C952079B174000DD014 /* Debug */,
				49AD5C962079B174000DD014 /* Release */,
			);
			defaultConfigurationIsVisible = 0;
			defaultConfigurationName = Release;
		};
		49AD5C972079B174000DD014 /* Build configuration list for PBXNativeTarget "FWSideMenuUITests" */ = {
			isa = XCConfigurationList;
			buildConfigurations = (
				49AD5C982079B174000DD014 /* Debug */,
				49AD5C992079B174000DD014 /* Release */,
			);
			defaultConfigurationIsVisible = 0;
			defaultConfigurationName = Release;
		};
/* End XCConfigurationList section */
	};
	rootObject = 49AD5C612079B173000DD014 /* Project object */;
}
